// !$*UTF8*$!
{
	archiveVersion = 1;
	classes = {
	};
	objectVersion = 51;
	objects = {

/* Begin PBXBuildFile section */
		044D7293E014D5FB33A932A5 /* Assets.xcassets in Resources */ = {isa = PBXBuildFile; fileRef = 10AF0A4B27DBA216EBD93F04 /* Assets.xcassets */; };
		1E97562F6AF80F913982FDC8 /* SceneDelegate.swift in Sources */ = {isa = PBXBuildFile; fileRef = 0E19F463716D70BF08EBC3D6 /* SceneDelegate.swift */; };
		6FC7512CBA3932923263F170 /* AppDelegate.swift in Sources */ = {isa = PBXBuildFile; fileRef = 9C11170D3E423EFF6B8EE026 /* AppDelegate.swift */; };
		99CF0D14F5FD330719EB4F79 /* LaunchScreen.storyboard in Resources */ = {isa = PBXBuildFile; fileRef = A854236591912C7E6C601593 /* LaunchScreen.storyboard */; };
		F02E80F1BF7F414EA78994BF /* HomeViewController.swift in Sources */ = {isa = PBXBuildFile; fileRef = A52A492E483FACFBBBD9ACD1 /* HomeViewController.swift */; };
/* End PBXBuildFile section */

/* Begin PBXFileReference section */
		0E19F463716D70BF08EBC3D6 /* SceneDelegate.swift */ = {isa = PBXFileReference; lastKnownFileType = sourcecode.swift; path = SceneDelegate.swift; sourceTree = "<group>"; };
		10AF0A4B27DBA216EBD93F04 /* Assets.xcassets */ = {isa = PBXFileReference; lastKnownFileType = folder.assetcatalog; path = Assets.xcassets; sourceTree = "<group>"; };
		471FDF86ACE0A9997B452A93 /* GameOfThroneApp.app */ = {isa = PBXFileReference; includeInIndex = 0; lastKnownFileType = wrapper.application; path = GameOfThroneApp.app; sourceTree = BUILT_PRODUCTS_DIR; };
		69C3517F4B09DAD181169D9B /* Base */ = {isa = PBXFileReference; lastKnownFileType = file.storyboard; name = Base; path = Base.lproj/LaunchScreen.storyboard; sourceTree = "<group>"; };
		7BFE09C45D36BF60B7EA2D0B /* Info.plist */ = {isa = PBXFileReference; lastKnownFileType = text.plist; path = Info.plist; sourceTree = "<group>"; };
		9C11170D3E423EFF6B8EE026 /* AppDelegate.swift */ = {isa = PBXFileReference; lastKnownFileType = sourcecode.swift; path = AppDelegate.swift; sourceTree = "<group>"; };
		A52A492E483FACFBBBD9ACD1 /* HomeViewController.swift */ = {isa = PBXFileReference; lastKnownFileType = sourcecode.swift; path = HomeViewController.swift; sourceTree = "<group>"; };
/* End PBXFileReference section */

/* Begin PBXGroup section */
		1270B3FC48D88AA95ABC952E /* Cenas */ = {
			isa = PBXGroup;
			children = (
				818051E11095F79F71E605C1 /* Home */,
			);
			path = Cenas;
			sourceTree = "<group>";
		};
		38007224DF796EE33570AF1E = {
			isa = PBXGroup;
			children = (
				6A97274E9910F93375ACAEFB /* GameOfThroneApp */,
				7E22F003B671021D932D87DC /* Products */,
			);
			sourceTree = "<group>";
		};
		6A97274E9910F93375ACAEFB /* GameOfThroneApp */ = {
			isa = PBXGroup;
			children = (
				1270B3FC48D88AA95ABC952E /* Cenas */,
				9BCA967E86B235B4BE920540 /* Delegates */,
				CF12FC00D7E5CE225BD17F6D /* Recursos */,
			);
			path = GameOfThroneApp;
			sourceTree = "<group>";
		};
		7E22F003B671021D932D87DC /* Products */ = {
			isa = PBXGroup;
			children = (
				471FDF86ACE0A9997B452A93 /* GameOfThroneApp.app */,
			);
			name = Products;
			sourceTree = "<group>";
		};
		818051E11095F79F71E605C1 /* Home */ = {
			isa = PBXGroup;
			children = (
				A52A492E483FACFBBBD9ACD1 /* HomeViewController.swift */,
			);
			path = Home;
			sourceTree = "<group>";
		};
		9BCA967E86B235B4BE920540 /* Delegates */ = {
			isa = PBXGroup;
			children = (
				9C11170D3E423EFF6B8EE026 /* AppDelegate.swift */,
				0E19F463716D70BF08EBC3D6 /* SceneDelegate.swift */,
			);
			path = Delegates;
			sourceTree = "<group>";
		};
		CF12FC00D7E5CE225BD17F6D /* Recursos */ = {
			isa = PBXGroup;
			children = (
				10AF0A4B27DBA216EBD93F04 /* Assets.xcassets */,
				7BFE09C45D36BF60B7EA2D0B /* Info.plist */,
				A854236591912C7E6C601593 /* LaunchScreen.storyboard */,
			);
			path = Recursos;
			sourceTree = "<group>";
		};
/* End PBXGroup section */

/* Begin PBXNativeTarget section */
		BD36F372B8FC0D986E1B09AE /* GameOfThroneApp */ = {
			isa = PBXNativeTarget;
			buildConfigurationList = D617B55505BB17C2F7AD6F61 /* Build configuration list for PBXNativeTarget "GameOfThroneApp" */;
			buildPhases = (
				D95C7485F859A6D5F9471A65 /* Sources */,
				33557E19C111B37A91DBF7E9 /* Resources */,
			);
			buildRules = (
			);
			dependencies = (
			);
			name = GameOfThroneApp;
			productName = GameOfThroneApp;
			productReference = 471FDF86ACE0A9997B452A93 /* GameOfThroneApp.app */;
			productType = "com.apple.product-type.application";
		};
/* End PBXNativeTarget section */

/* Begin PBXProject section */
		4D9B92C609DCCC4084913C1B /* Project object */ = {
			isa = PBXProject;
			attributes = {
				LastUpgradeCheck = 1200;
				TargetAttributes = {
					BD36F372B8FC0D986E1B09AE = {
						DevelopmentTeam = LSUFS2V6U6;
					};
				};
			};
			buildConfigurationList = 3F6C3CE74F912B37EDC9905E /* Build configuration list for PBXProject "GameOfThroneApp" */;
			compatibilityVersion = "Xcode 11.0";
			developmentRegion = en;
			hasScannedForEncodings = 0;
			knownRegions = (
				Base,
				en,
			);
			mainGroup = 38007224DF796EE33570AF1E;
			projectDirPath = "";
			projectRoot = "";
			targets = (
				BD36F372B8FC0D986E1B09AE /* GameOfThroneApp */,
			);
		};
/* End PBXProject section */

/* Begin PBXResourcesBuildPhase section */
		33557E19C111B37A91DBF7E9 /* Resources */ = {
			isa = PBXResourcesBuildPhase;
			buildActionMask = 2147483647;
			files = (
				044D7293E014D5FB33A932A5 /* Assets.xcassets in Resources */,
				99CF0D14F5FD330719EB4F79 /* LaunchScreen.storyboard in Resources */,
			);
			runOnlyForDeploymentPostprocessing = 0;
		};
/* End PBXResourcesBuildPhase section */

/* Begin PBXSourcesBuildPhase section */
		D95C7485F859A6D5F9471A65 /* Sources */ = {
			isa = PBXSourcesBuildPhase;
			buildActionMask = 2147483647;
			files = (
				6FC7512CBA3932923263F170 /* AppDelegate.swift in Sources */,
				F02E80F1BF7F414EA78994BF /* HomeViewController.swift in Sources */,
				1E97562F6AF80F913982FDC8 /* SceneDelegate.swift in Sources */,
			);
			runOnlyForDeploymentPostprocessing = 0;
		};
/* End PBXSourcesBuildPhase section */

/* Begin PBXVariantGroup section */
		A854236591912C7E6C601593 /* LaunchScreen.storyboard */ = {
			isa = PBXVariantGroup;
			children = (
				69C3517F4B09DAD181169D9B /* Base */,
			);
			name = LaunchScreen.storyboard;
			sourceTree = "<group>";
		};
/* End PBXVariantGroup section */

/* Begin XCBuildConfiguration section */
		3248AA7803955DF9B50BD3B6 /* Release */ = {
			isa = XCBuildConfiguration;
			buildSettings = {
				ALWAYS_EMBED_SWIFT_STANDARD_LIBRARIES = YES;
				ALWAYS_SEARCH_USER_PATHS = NO;
				ARCHS = "$(ARCHS_STANDARD)";
				CLANG_ANALYZER_NONNULL = YES;
				CLANG_ANALYZER_NUMBER_OBJECT_CONVERSION = YES_AGGRESSIVE;
				CLANG_CXX_LANGUAGE_STANDARD = "gnu++14";
				CLANG_CXX_LIBRARY = "libc++";
				CLANG_ENABLE_MODULES = YES;
				CLANG_ENABLE_OBJC_ARC = YES;
				CLANG_ENABLE_OBJC_WEAK = YES;
				CLANG_WARN_BLOCK_CAPTURE_AUTORELEASING = YES;
				CLANG_WARN_BOOL_CONVERSION = YES;
				CLANG_WARN_COMMA = YES;
				CLANG_WARN_CONSTANT_CONVERSION = YES;
				CLANG_WARN_DEPRECATED_OBJC_IMPLEMENTATIONS = YES;
				CLANG_WARN_DIRECT_OBJC_ISA_USAGE = YES_ERROR;
				CLANG_WARN_DOCUMENTATION_COMMENTS = YES;
				CLANG_WARN_EMPTY_BODY = YES;
				CLANG_WARN_ENUM_CONVERSION = YES;
				CLANG_WARN_INFINITE_RECURSION = YES;
				CLANG_WARN_INT_CONVERSION = YES;
				CLANG_WARN_NON_LITERAL_NULL_CONVERSION = YES;
				CLANG_WARN_OBJC_IMPLICIT_RETAIN_SELF = YES;
				CLANG_WARN_OBJC_LITERAL_CONVERSION = YES;
				CLANG_WARN_OBJC_ROOT_CLASS = YES_ERROR;
				CLANG_WARN_QUOTED_INCLUDE_IN_FRAMEWORK_HEADER = YES;
				CLANG_WARN_RANGE_LOOP_ANALYSIS = YES;
				CLANG_WARN_STRICT_PROTOTYPES = YES;
				CLANG_WARN_SUSPICIOUS_MOVE = YES;
				CLANG_WARN_UNGUARDED_AVAILABILITY = YES_AGGRESSIVE;
				CLANG_WARN_UNREACHABLE_CODE = YES;
				CLANG_WARN__DUPLICATE_METHOD_MATCH = YES;
				CODE_SIGN_IDENTITY = "iPhone Developer";
				COPY_PHASE_STRIP = NO;
				DEBUG_INFORMATION_FORMAT = "dwarf-with-dsym";
				ENABLE_NS_ASSERTIONS = NO;
				ENABLE_STRICT_OBJC_MSGSEND = YES;
				GCC_C_LANGUAGE_STANDARD = gnu11;
				GCC_NO_COMMON_BLOCKS = YES;
				GCC_WARN_64_TO_32_BIT_CONVERSION = YES;
				GCC_WARN_ABOUT_RETURN_TYPE = YES_ERROR;
				GCC_WARN_UNDECLARED_SELECTOR = YES;
				GCC_WARN_UNINITIALIZED_AUTOS = YES_AGGRESSIVE;
				GCC_WARN_UNUSED_FUNCTION = YES;
				GCC_WARN_UNUSED_VARIABLE = YES;
				IPHONEOS_DEPLOYMENT_TARGET = 13.3;
				MARKETING_VERSION = 1.0.0;
				MTL_ENABLE_DEBUG_INFO = NO;
				MTL_FAST_MATH = YES;
				PRODUCT_NAME = "$(TARGET_NAME)";
				SDKROOT = iphoneos;
				SWIFT_COMPILATION_MODE = wholemodule;
				SWIFT_OPTIMIZATION_LEVEL = "-O";
				SWIFT_VERSION = 5.0;
				VERSIONING_SYSTEM = "apple-generic";
			};
			name = Release;
		};
		32FE18D3BC3605C33E3F401D /* Debug */ = {
			isa = XCBuildConfiguration;
			buildSettings = {
				ALWAYS_EMBED_SWIFT_STANDARD_LIBRARIES = YES;
				ALWAYS_SEARCH_USER_PATHS = NO;
				ARCHS = "$(ARCHS_STANDARD)";
				CLANG_ANALYZER_NONNULL = YES;
				CLANG_ANALYZER_NUMBER_OBJECT_CONVERSION = YES_AGGRESSIVE;
				CLANG_CXX_LANGUAGE_STANDARD = "gnu++14";
				CLANG_CXX_LIBRARY = "libc++";
				CLANG_ENABLE_MODULES = YES;
				CLANG_ENABLE_OBJC_ARC = YES;
				CLANG_ENABLE_OBJC_WEAK = YES;
				CLANG_WARN_BLOCK_CAPTURE_AUTORELEASING = YES;
				CLANG_WARN_BOOL_CONVERSION = YES;
				CLANG_WARN_COMMA = YES;
				CLANG_WARN_CONSTANT_CONVERSION = YES;
				CLANG_WARN_DEPRECATED_OBJC_IMPLEMENTATIONS = YES;
				CLANG_WARN_DIRECT_OBJC_ISA_USAGE = YES_ERROR;
				CLANG_WARN_DOCUMENTATION_COMMENTS = YES;
				CLANG_WARN_EMPTY_BODY = YES;
				CLANG_WARN_ENUM_CONVERSION = YES;
				CLANG_WARN_INFINITE_RECURSION = YES;
				CLANG_WARN_INT_CONVERSION = YES;
				CLANG_WARN_NON_LITERAL_NULL_CONVERSION = YES;
				CLANG_WARN_OBJC_IMPLICIT_RETAIN_SELF = YES;
				CLANG_WARN_OBJC_LITERAL_CONVERSION = YES;
				CLANG_WARN_OBJC_ROOT_CLASS = YES_ERROR;
				CLANG_WARN_QUOTED_INCLUDE_IN_FRAMEWORK_HEADER = YES;
				CLANG_WARN_RANGE_LOOP_ANALYSIS = YES;
				CLANG_WARN_STRICT_PROTOTYPES = YES;
				CLANG_WARN_SUSPICIOUS_MOVE = YES;
				CLANG_WARN_UNGUARDED_AVAILABILITY = YES_AGGRESSIVE;
				CLANG_WARN_UNREACHABLE_CODE = YES;
				CLANG_WARN__DUPLICATE_METHOD_MATCH = YES;
				CODE_SIGN_IDENTITY = "iPhone Developer";
				COPY_PHASE_STRIP = NO;
				DEBUG_INFORMATION_FORMAT = dwarf;
				ENABLE_STRICT_OBJC_MSGSEND = YES;
				ENABLE_TESTABILITY = YES;
				GCC_C_LANGUAGE_STANDARD = gnu11;
				GCC_DYNAMIC_NO_PIC = NO;
				GCC_NO_COMMON_BLOCKS = YES;
				GCC_OPTIMIZATION_LEVEL = 0;
				GCC_PREPROCESSOR_DEFINITIONS = (
					"$(inherited)",
					"DEBUG=1",
				);
				GCC_WARN_64_TO_32_BIT_CONVERSION = YES;
				GCC_WARN_ABOUT_RETURN_TYPE = YES_ERROR;
				GCC_WARN_UNDECLARED_SELECTOR = YES;
				GCC_WARN_UNINITIALIZED_AUTOS = YES_AGGRESSIVE;
				GCC_WARN_UNUSED_FUNCTION = YES;
				GCC_WARN_UNUSED_VARIABLE = YES;
				IPHONEOS_DEPLOYMENT_TARGET = 13.3;
				MARKETING_VERSION = 1.0.0;
				MTL_ENABLE_DEBUG_INFO = INCLUDE_SOURCE;
				MTL_FAST_MATH = YES;
				ONLY_ACTIVE_ARCH = YES;
				PRODUCT_NAME = "$(TARGET_NAME)";
				SDKROOT = iphoneos;
				SWIFT_ACTIVE_COMPILATION_CONDITIONS = DEBUG;
				SWIFT_OPTIMIZATION_LEVEL = "-Onone";
				SWIFT_VERSION = 5.0;
				VERSIONING_SYSTEM = "apple-generic";
			};
			name = Debug;
		};
		4EA0768335DE42DE64AD3054 /* Release */ = {
			isa = XCBuildConfiguration;
			buildSettings = {
				ASSETCATALOG_COMPILER_APPICON_NAME = AppIcon;
				CODE_SIGN_IDENTITY = "iPhone Developer";
				DEVELOPMENT_TEAM = LSUFS2V6U6;
				INFOPLIST_FILE = GameOfThroneApp/Recursos/Info.plist;
				LD_RUNPATH_SEARCH_PATHS = (
					"$(inherited)",
					"@executable_path/Frameworks",
				);
				PRODUCT_BUNDLE_IDENTIFIER = com.dairan.GameOfThroneApp;
				SDKROOT = iphoneos;
				TARGETED_DEVICE_FAMILY = "1,2";
			};
			name = Release;
		};
		EE829C1896B4AFDD31B393C5 /* Debug */ = {
			isa = XCBuildConfiguration;
			buildSettings = {
				ASSETCATALOG_COMPILER_APPICON_NAME = AppIcon;
				CODE_SIGN_IDENTITY = "iPhone Developer";
				DEVELOPMENT_TEAM = LSUFS2V6U6;
				INFOPLIST_FILE = GameOfThroneApp/Recursos/Info.plist;
				LD_RUNPATH_SEARCH_PATHS = (
					"$(inherited)",
					"@executable_path/Frameworks",
				);
				ONLY_ACTIVE_ARCH = YES;
				PRODUCT_BUNDLE_IDENTIFIER = com.dairan.GameOfThroneApp;
				SDKROOT = iphoneos;
				TARGETED_DEVICE_FAMILY = "1,2";
			};
			name = Debug;
		};
/* End XCBuildConfiguration section */

/* Begin XCConfigurationList section */
		3F6C3CE74F912B37EDC9905E /* Build configuration list for PBXProject "GameOfThroneApp" */ = {
			isa = XCConfigurationList;
			buildConfigurations = (
				32FE18D3BC3605C33E3F401D /* Debug */,
				3248AA7803955DF9B50BD3B6 /* Release */,
			);
			defaultConfigurationIsVisible = 0;
			defaultConfigurationName = Debug;
		};
		D617B55505BB17C2F7AD6F61 /* Build configuration list for PBXNativeTarget "GameOfThroneApp" */ = {
			isa = XCConfigurationList;
			buildConfigurations = (
				EE829C1896B4AFDD31B393C5 /* Debug */,
				4EA0768335DE42DE64AD3054 /* Release */,
			);
			defaultConfigurationIsVisible = 0;
			defaultConfigurationName = Debug;
		};
/* End XCConfigurationList section */
	};
	rootObject = 4D9B92C609DCCC4084913C1B /* Project object */;
}
